// !$*UTF8*$!
{
	archiveVersion = 1;
	classes = {
	};
	objectVersion = 55;
	objects = {

/* Begin PBXBuildFile section */
		792088B42906B35D00BCE217 /* FirebaseAnalytics in Frameworks */ = {isa = PBXBuildFile; productRef = 792088B32906B35D00BCE217 /* FirebaseAnalytics */; };
		792088B62906B35D00BCE217 /* FirebaseAnalyticsWithoutAdIdSupport in Frameworks */ = {isa = PBXBuildFile; productRef = 792088B52906B35D00BCE217 /* FirebaseAnalyticsWithoutAdIdSupport */; };
		792088B82906B35D00BCE217 /* FirebaseDatabase in Frameworks */ = {isa = PBXBuildFile; productRef = 792088B72906B35D00BCE217 /* FirebaseDatabase */; };
		792088BA2906B35D00BCE217 /* FirebaseFirestore in Frameworks */ = {isa = PBXBuildFile; productRef = 792088B92906B35D00BCE217 /* FirebaseFirestore */; };
		792088BC2906B35D00BCE217 /* FirebaseStorage in Frameworks */ = {isa = PBXBuildFile; productRef = 792088BB2906B35D00BCE217 /* FirebaseStorage */; };
		792088BE2906B42900BCE217 /* GoogleService-Info.plist in Resources */ = {isa = PBXBuildFile; fileRef = 792088BD2906B42900BCE217 /* GoogleService-Info.plist */; };
		792088C32906C21900BCE217 /* FirebaseMessaging in Frameworks */ = {isa = PBXBuildFile; productRef = 792088C22906C21900BCE217 /* FirebaseMessaging */; };
		792088C52906C78400BCE217 /* Notifications.swift in Sources */ = {isa = PBXBuildFile; fileRef = 792088C42906C78400BCE217 /* Notifications.swift */; };
		798C60D2290653CB0069A01D /* TableViewController.swift in Sources */ = {isa = PBXBuildFile; fileRef = 798C60D1290653CB0069A01D /* TableViewController.swift */; };
		79D71CFC28B4C71C00139A1C /* AppDelegate.swift in Sources */ = {isa = PBXBuildFile; fileRef = 79D71CFB28B4C71C00139A1C /* AppDelegate.swift */; };
		79D71CFE28B4C71C00139A1C /* SceneDelegate.swift in Sources */ = {isa = PBXBuildFile; fileRef = 79D71CFD28B4C71C00139A1C /* SceneDelegate.swift */; };
		79D71D0028B4C71C00139A1C /* ViewController.swift in Sources */ = {isa = PBXBuildFile; fileRef = 79D71CFF28B4C71C00139A1C /* ViewController.swift */; };
		79D71D0528B4C71E00139A1C /* Assets.xcassets in Resources */ = {isa = PBXBuildFile; fileRef = 79D71D0428B4C71E00139A1C /* Assets.xcassets */; };
/* End PBXBuildFile section */

/* Begin PBXFileReference section */
		792088BD2906B42900BCE217 /* GoogleService-Info.plist */ = {isa = PBXFileReference; fileEncoding = 4; lastKnownFileType = text.plist.xml; path = "GoogleService-Info.plist"; sourceTree = "<group>"; };
		792088C42906C78400BCE217 /* Notifications.swift */ = {isa = PBXFileReference; lastKnownFileType = sourcecode.swift; path = Notifications.swift; sourceTree = "<group>"; };
		798C60D1290653CB0069A01D /* TableViewController.swift */ = {isa = PBXFileReference; lastKnownFileType = sourcecode.swift; path = TableViewController.swift; sourceTree = "<group>"; };
		79D71CF828B4C71C00139A1C /* Notification - LifeCycle.app */ = {isa = PBXFileReference; explicitFileType = wrapper.application; includeInIndex = 0; path = "Notification - LifeCycle.app"; sourceTree = BUILT_PRODUCTS_DIR; };
		79D71CFB28B4C71C00139A1C /* AppDelegate.swift */ = {isa = PBXFileReference; lastKnownFileType = sourcecode.swift; path = AppDelegate.swift; sourceTree = "<group>"; };
		79D71CFD28B4C71C00139A1C /* SceneDelegate.swift */ = {isa = PBXFileReference; lastKnownFileType = sourcecode.swift; path = SceneDelegate.swift; sourceTree = "<group>"; };
		79D71CFF28B4C71C00139A1C /* ViewController.swift */ = {isa = PBXFileReference; lastKnownFileType = sourcecode.swift; path = ViewController.swift; sourceTree = "<group>"; };
		79D71D0428B4C71E00139A1C /* Assets.xcassets */ = {isa = PBXFileReference; lastKnownFileType = folder.assetcatalog; path = Assets.xcassets; sourceTree = "<group>"; };
		79D71D0928B4C71E00139A1C /* Info.plist */ = {isa = PBXFileReference; lastKnownFileType = text.plist.xml; path = Info.plist; sourceTree = "<group>"; };
/* End PBXFileReference section */

/* Begin PBXFrameworksBuildPhase section */
		79D71CF528B4C71C00139A1C /* Frameworks */ = {
			isa = PBXFrameworksBuildPhase;
			buildActionMask = 2147483647;
			files = (
				792088C32906C21900BCE217 /* FirebaseMessaging in Frameworks */,
				792088B82906B35D00BCE217 /* FirebaseDatabase in Frameworks */,
				792088BA2906B35D00BCE217 /* FirebaseFirestore in Frameworks */,
				792088B42906B35D00BCE217 /* FirebaseAnalytics in Frameworks */,
				792088BC2906B35D00BCE217 /* FirebaseStorage in Frameworks */,
				792088B62906B35D00BCE217 /* FirebaseAnalyticsWithoutAdIdSupport in Frameworks */,
			);
			runOnlyForDeploymentPostprocessing = 0;
		};
/* End PBXFrameworksBuildPhase section */

/* Begin PBXGroup section */
		792088C12906C21900BCE217 /* Frameworks */ = {
			isa = PBXGroup;
			children = (
			);
			name = Frameworks;
			sourceTree = "<group>";
		};
		79D71CEF28B4C71C00139A1C = {
			isa = PBXGroup;
			children = (
				79D71CFA28B4C71C00139A1C /* LifeCycle */,
				79D71CF928B4C71C00139A1C /* Products */,
				792088C12906C21900BCE217 /* Frameworks */,
			);
			sourceTree = "<group>";
		};
		79D71CF928B4C71C00139A1C /* Products */ = {
			isa = PBXGroup;
			children = (
				79D71CF828B4C71C00139A1C /* Notification - LifeCycle.app */,
			);
			name = Products;
			sourceTree = "<group>";
		};
		79D71CFA28B4C71C00139A1C /* LifeCycle */ = {
			isa = PBXGroup;
			children = (
				79D71CFF28B4C71C00139A1C /* ViewController.swift */,
				798C60D1290653CB0069A01D /* TableViewController.swift */,
				79D71CFB28B4C71C00139A1C /* AppDelegate.swift */,
				792088C42906C78400BCE217 /* Notifications.swift */,
				79D71CFD28B4C71C00139A1C /* SceneDelegate.swift */,
				792088BD2906B42900BCE217 /* GoogleService-Info.plist */,
				79D71D0428B4C71E00139A1C /* Assets.xcassets */,
				79D71D0928B4C71E00139A1C /* Info.plist */,
			);
			path = LifeCycle;
			sourceTree = "<group>";
		};
/* End PBXGroup section */

/* Begin PBXNativeTarget section */
		79D71CF728B4C71C00139A1C /* Notification - LifeCycle */ = {
			isa = PBXNativeTarget;
			buildConfigurationList = 79D71D0C28B4C71E00139A1C /* Build configuration list for PBXNativeTarget "Notification - LifeCycle" */;
			buildPhases = (
				79D71CF428B4C71C00139A1C /* Sources */,
				79D71CF528B4C71C00139A1C /* Frameworks */,
				79D71CF628B4C71C00139A1C /* Resources */,
			);
			buildRules = (
			);
			dependencies = (
			);
			name = "Notification - LifeCycle";
			packageProductDependencies = (
				792088B32906B35D00BCE217 /* FirebaseAnalytics */,
				792088B52906B35D00BCE217 /* FirebaseAnalyticsWithoutAdIdSupport */,
				792088B72906B35D00BCE217 /* FirebaseDatabase */,
				792088B92906B35D00BCE217 /* FirebaseFirestore */,
				792088BB2906B35D00BCE217 /* FirebaseStorage */,
				792088C22906C21900BCE217 /* FirebaseMessaging */,
			);
			productName = LifeCycle;
			productReference = 79D71CF828B4C71C00139A1C /* Notification - LifeCycle.app */;
			productType = "com.apple.product-type.application";
		};
/* End PBXNativeTarget section */

/* Begin PBXProject section */
		79D71CF028B4C71C00139A1C /* Project object */ = {
			isa = PBXProject;
			attributes = {
				BuildIndependentTargetsInParallel = 1;
				LastSwiftUpdateCheck = 1340;
				LastUpgradeCheck = 1340;
				TargetAttributes = {
					79D71CF728B4C71C00139A1C = {
						CreatedOnToolsVersion = 13.4.1;
					};
				};
			};
			buildConfigurationList = 79D71CF328B4C71C00139A1C /* Build configuration list for PBXProject "Notification - LifeCycle" */;
			compatibilityVersion = "Xcode 13.0";
			developmentRegion = en;
			hasScannedForEncodings = 0;
			knownRegions = (
				en,
				Base,
			);
			mainGroup = 79D71CEF28B4C71C00139A1C;
			packageReferences = (
				792088B22906B35D00BCE217 /* XCRemoteSwiftPackageReference "firebase-ios-sdk" */,
			);
			productRefGroup = 79D71CF928B4C71C00139A1C /* Products */;
			projectDirPath = "";
			projectRoot = "";
			targets = (
				79D71CF728B4C71C00139A1C /* Notification - LifeCycle */,
			);
		};
/* End PBXProject section */

/* Begin PBXResourcesBuildPhase section */
		79D71CF628B4C71C00139A1C /* Resources */ = {
			isa = PBXResourcesBuildPhase;
			buildActionMask = 2147483647;
			files = (
				79D71D0528B4C71E00139A1C /* Assets.xcassets in Resources */,
				792088BE2906B42900BCE217 /* GoogleService-Info.plist in Resources */,
			);
			runOnlyForDeploymentPostprocessing = 0;
		};
/* End PBXResourcesBuildPhase section */

/* Begin PBXSourcesBuildPhase section */
		79D71CF428B4C71C00139A1C /* Sources */ = {
			isa = PBXSourcesBuildPhase;
			buildActionMask = 2147483647;
			files = (
				792088C52906C78400BCE217 /* Notifications.swift in Sources */,
				79D71D0028B4C71C00139A1C /* ViewController.swift in Sources */,
				79D71CFC28B4C71C00139A1C /* AppDelegate.swift in Sources */,
				79D71CFE28B4C71C00139A1C /* SceneDelegate.swift in Sources */,
				798C60D2290653CB0069A01D /* TableViewController.swift in Sources */,
			);
			runOnlyForDeploymentPostprocessing = 0;
		};
/* End PBXSourcesBuildPhase section */

/* Begin XCBuildConfiguration section */
		79D71D0A28B4C71E00139A1C /* Debug */ = {
			isa = XCBuildConfiguration;
			buildSettings = {
				ALWAYS_SEARCH_USER_PATHS = NO;
				CLANG_ANALYZER_NONNULL = YES;
				CLANG_ANALYZER_NUMBER_OBJECT_CONVERSION = YES_AGGRESSIVE;
				CLANG_CXX_LANGUAGE_STANDARD = "gnu++17";
				CLANG_ENABLE_MODULES = YES;
				CLANG_ENABLE_OBJC_ARC = YES;
				CLANG_ENABLE_OBJC_WEAK = YES;
				CLANG_WARN_BLOCK_CAPTURE_AUTORELEASING = YES;
				CLANG_WARN_BOOL_CONVERSION = YES;
				CLANG_WARN_COMMA = YES;
				CLANG_WARN_CONSTANT_CONVERSION = YES;
				CLANG_WARN_DEPRECATED_OBJC_IMPLEMENTATIONS = YES;
				CLANG_WARN_DIRECT_OBJC_ISA_USAGE = YES_ERROR;
				CLANG_WARN_DOCUMENTATION_COMMENTS = YES;
				CLANG_WARN_EMPTY_BODY = YES;
				CLANG_WARN_ENUM_CONVERSION = YES;
				CLANG_WARN_INFINITE_RECURSION = YES;
				CLANG_WARN_INT_CONVERSION = YES;
				CLANG_WARN_NON_LITERAL_NULL_CONVERSION = YES;
				CLANG_WARN_OBJC_IMPLICIT_RETAIN_SELF = YES;
				CLANG_WARN_OBJC_LITERAL_CONVERSION = YES;
				CLANG_WARN_OBJC_ROOT_CLASS = YES_ERROR;
				CLANG_WARN_QUOTED_INCLUDE_IN_FRAMEWORK_HEADER = YES;
				CLANG_WARN_RANGE_LOOP_ANALYSIS = YES;
				CLANG_WARN_STRICT_PROTOTYPES = YES;
				CLANG_WARN_SUSPICIOUS_MOVE = YES;
				CLANG_WARN_UNGUARDED_AVAILABILITY = YES_AGGRESSIVE;
				CLANG_WARN_UNREACHABLE_CODE = YES;
				CLANG_WARN__DUPLICATE_METHOD_MATCH = YES;
				COPY_PHASE_STRIP = NO;
				DEBUG_INFORMATION_FORMAT = dwarf;
				ENABLE_STRICT_OBJC_MSGSEND = YES;
				ENABLE_TESTABILITY = YES;
				GCC_C_LANGUAGE_STANDARD = gnu11;
				GCC_DYNAMIC_NO_PIC = NO;
				GCC_NO_COMMON_BLOCKS = YES;
				GCC_OPTIMIZATION_LEVEL = 0;
				GCC_PREPROCESSOR_DEFINITIONS = (
					"DEBUG=1",
					"$(inherited)",
				);
				GCC_WARN_64_TO_32_BIT_CONVERSION = YES;
				GCC_WARN_ABOUT_RETURN_TYPE = YES_ERROR;
				GCC_WARN_UNDECLARED_SELECTOR = YES;
				GCC_WARN_UNINITIALIZED_AUTOS = YES_AGGRESSIVE;
				GCC_WARN_UNUSED_FUNCTION = YES;
				GCC_WARN_UNUSED_VARIABLE = YES;
				IPHONEOS_DEPLOYMENT_TARGET = 15.5;
				MTL_ENABLE_DEBUG_INFO = INCLUDE_SOURCE;
				MTL_FAST_MATH = YES;
				ONLY_ACTIVE_ARCH = YES;
				SDKROOT = iphoneos;
				SWIFT_ACTIVE_COMPILATION_CONDITIONS = DEBUG;
				SWIFT_OPTIMIZATION_LEVEL = "-Onone";
			};
			name = Debug;
		};
		79D71D0B28B4C71E00139A1C /* Release */ = {
			isa = XCBuildConfiguration;
			buildSettings = {
				ALWAYS_SEARCH_USER_PATHS = NO;
				CLANG_ANALYZER_NONNULL = YES;
				CLANG_ANALYZER_NUMBER_OBJECT_CONVERSION = YES_AGGRESSIVE;
				CLANG_CXX_LANGUAGE_STANDARD = "gnu++17";
				CLANG_ENABLE_MODULES = YES;
				CLANG_ENABLE_OBJC_ARC = YES;
				CLANG_ENABLE_OBJC_WEAK = YES;
				CLANG_WARN_BLOCK_CAPTURE_AUTORELEASING = YES;
				CLANG_WARN_BOOL_CONVERSION = YES;
				CLANG_WARN_COMMA = YES;
				CLANG_WARN_CONSTANT_CONVERSION = YES;
				CLANG_WARN_DEPRECATED_OBJC_IMPLEMENTATIONS = YES;
				CLANG_WARN_DIRECT_OBJC_ISA_USAGE = YES_ERROR;
				CLANG_WARN_DOCUMENTATION_COMMENTS = YES;
				CLANG_WARN_EMPTY_BODY = YES;
				CLANG_WARN_ENUM_CONVERSION = YES;
				CLANG_WARN_INFINITE_RECURSION = YES;
				CLANG_WARN_INT_CONVERSION = YES;
				CLANG_WARN_NON_LITERAL_NULL_CONVERSION = YES;
				CLANG_WARN_OBJC_IMPLICIT_RETAIN_SELF = YES;
				CLANG_WARN_OBJC_LITERAL_CONVERSION = YES;
				CLANG_WARN_OBJC_ROOT_CLASS = YES_ERROR;
				CLANG_WARN_QUOTED_INCLUDE_IN_FRAMEWORK_HEADER = YES;
				CLANG_WARN_RANGE_LOOP_ANALYSIS = YES;
				CLANG_WARN_STRICT_PROTOTYPES = YES;
				CLANG_WARN_SUSPICIOUS_MOVE = YES;
				CLANG_WARN_UNGUARDED_AVAILABILITY = YES_AGGRESSIVE;
				CLANG_WARN_UNREACHABLE_CODE = YES;
				CLANG_WARN__DUPLICATE_METHOD_MATCH = YES;
				COPY_PHASE_STRIP = NO;
				DEBUG_INFORMATION_FORMAT = "dwarf-with-dsym";
				ENABLE_NS_ASSERTIONS = NO;
				ENABLE_STRICT_OBJC_MSGSEND = YES;
				GCC_C_LANGUAGE_STANDARD = gnu11;
				GCC_NO_COMMON_BLOCKS = YES;
				GCC_WARN_64_TO_32_BIT_CONVERSION = YES;
				GCC_WARN_ABOUT_RETURN_TYPE = YES_ERROR;
				GCC_WARN_UNDECLARED_SELECTOR = YES;
				GCC_WARN_UNINITIALIZED_AUTOS = YES_AGGRESSIVE;
				GCC_WARN_UNUSED_FUNCTION = YES;
				GCC_WARN_UNUSED_VARIABLE = YES;
				IPHONEOS_DEPLOYMENT_TARGET = 15.5;
				MTL_ENABLE_DEBUG_INFO = NO;
				MTL_FAST_MATH = YES;
				SDKROOT = iphoneos;
				SWIFT_COMPILATION_MODE = wholemodule;
				SWIFT_OPTIMIZATION_LEVEL = "-O";
				VALIDATE_PRODUCT = YES;
			};
			name = Release;
		};
		79D71D0D28B4C71E00139A1C /* Debug */ = {
			isa = XCBuildConfiguration;
			buildSettings = {
				ASSETCATALOG_COMPILER_APPICON_NAME = AppIcon;
				ASSETCATALOG_COMPILER_GLOBAL_ACCENT_COLOR_NAME = AccentColor;
				CODE_SIGN_STYLE = Automatic;
				CURRENT_PROJECT_VERSION = 1;
				DEVELOPMENT_TEAM = KKH4UHMTXR;
				GENERATE_INFOPLIST_FILE = YES;
				INFOPLIST_FILE = LifeCycle/Info.plist;
				INFOPLIST_KEY_UIApplicationSupportsIndirectInputEvents = YES;
				INFOPLIST_KEY_UILaunchStoryboardName = LaunchScreen;
				INFOPLIST_KEY_UISupportedInterfaceOrientations_iPad = "UIInterfaceOrientationPortrait UIInterfaceOrientationPortraitUpsideDown UIInterfaceOrientationLandscapeLeft UIInterfaceOrientationLandscapeRight";
				INFOPLIST_KEY_UISupportedInterfaceOrientations_iPhone = "UIInterfaceOrientationPortrait UIInterfaceOrientationLandscapeLeft UIInterfaceOrientationLandscapeRight";
				LD_RUNPATH_SEARCH_PATHS = (
					"$(inherited)",
					"@executable_path/Frameworks",
				);
				MARKETING_VERSION = 1.0;
				PRODUCT_BUNDLE_IDENTIFIER = artemKharchenko.LifeCycle;
				PRODUCT_NAME = "$(TARGET_NAME)";
				SUPPORTED_PLATFORMS = "iphoneos iphonesimulator";
				SUPPORTS_MACCATALYST = NO;
				SUPPORTS_MAC_DESIGNED_FOR_IPHONE_IPAD = YES;
				SWIFT_EMIT_LOC_STRINGS = YES;
				SWIFT_VERSION = 5.0;
				TARGETED_DEVICE_FAMILY = 1;
			};
			name = Debug;
		};
		79D71D0E28B4C71E00139A1C /* Release */ = {
			isa = XCBuildConfiguration;
			buildSettings = {
				ASSETCATALOG_COMPILER_APPICON_NAME = AppIcon;
				ASSETCATALOG_COMPILER_GLOBAL_ACCENT_COLOR_NAME = AccentColor;
				CODE_SIGN_STYLE = Automatic;
				CURRENT_PROJECT_VERSION = 1;
				DEVELOPMENT_TEAM = KKH4UHMTXR;
				GENERATE_INFOPLIST_FILE = YES;
				INFOPLIST_FILE = LifeCycle/Info.plist;
				INFOPLIST_KEY_UIApplicationSupportsIndirectInputEvents = YES;
				INFOPLIST_KEY_UILaunchStoryboardName = LaunchScreen;
				INFOPLIST_KEY_UISupportedInterfaceOrientations_iPad = "UIInterfaceOrientationPortrait UIInterfaceOrientationPortraitUpsideDown UIInterfaceOrientationLandscapeLeft UIInterfaceOrientationLandscapeRight";
				INFOPLIST_KEY_UISupportedInterfaceOrientations_iPhone = "UIInterfaceOrientationPortrait UIInterfaceOrientationLandscapeLeft UIInterfaceOrientationLandscapeRight";
				LD_RUNPATH_SEARCH_PATHS = (
					"$(inherited)",
					"@executable_path/Frameworks",
				);
				MARKETING_VERSION = 1.0;
				PRODUCT_BUNDLE_IDENTIFIER = artemKharchenko.LifeCycle;
				PRODUCT_NAME = "$(TARGET_NAME)";
				SUPPORTED_PLATFORMS = "iphoneos iphonesimulator";
				SUPPORTS_MACCATALYST = NO;
				SUPPORTS_MAC_DESIGNED_FOR_IPHONE_IPAD = YES;
				SWIFT_EMIT_LOC_STRINGS = YES;
				SWIFT_VERSION = 5.0;
				TARGETED_DEVICE_FAMILY = 1;
			};
			name = Release;
		};
/* End XCBuildConfiguration section */

/* Begin XCConfigurationList section */
		79D71CF328B4C71C00139A1C /* Build configuration list for PBXProject "Notification - LifeCycle" */ = {
			isa = XCConfigurationList;
			buildConfigurations = (
				79D71D0A28B4C71E00139A1C /* Debug */,
				79D71D0B28B4C71E00139A1C /* Release */,
			);
			defaultConfigurationIsVisible = 0;
			defaultConfigurationName = Release;
		};
		79D71D0C28B4C71E00139A1C /* Build configuration list for PBXNativeTarget "Notification - LifeCycle" */ = {
			isa = XCConfigurationList;
			buildConfigurations = (
				79D71D0D28B4C71E00139A1C /* Debug */,
				79D71D0E28B4C71E00139A1C /* Release */,
			);
			defaultConfigurationIsVisible = 0;
			defaultConfigurationName = Release;
		};
/* End XCConfigurationList section */

/* Begin XCRemoteSwiftPackageReference section */
		792088B22906B35D00BCE217 /* XCRemoteSwiftPackageReference "firebase-ios-sdk" */ = {
			isa = XCRemoteSwiftPackageReference;
			repositoryURL = "https://github.com/firebase/firebase-ios-sdk";
			requirement = {
				kind = exactVersion;
				version = 8.11.0;
			};
		};
/* End XCRemoteSwiftPackageReference section */

/* Begin XCSwiftPackageProductDependency section */
		792088B32906B35D00BCE217 /* FirebaseAnalytics */ = {
			isa = XCSwiftPackageProductDependency;
			package = 792088B22906B35D00BCE217 /* XCRemoteSwiftPackageReference "firebase-ios-sdk" */;
			productName = FirebaseAnalytics;
		};
		792088B52906B35D00BCE217 /* FirebaseAnalyticsWithoutAdIdSupport */ = {
			isa = XCSwiftPackageProductDependency;
			package = 792088B22906B35D00BCE217 /* XCRemoteSwiftPackageReference "firebase-ios-sdk" */;
			productName = FirebaseAnalyticsWithoutAdIdSupport;
		};
		792088B72906B35D00BCE217 /* FirebaseDatabase */ = {
			isa = XCSwiftPackageProductDependency;
			package = 792088B22906B35D00BCE217 /* XCRemoteSwiftPackageReference "firebase-ios-sdk" */;
			productName = FirebaseDatabase;
		};
		792088B92906B35D00BCE217 /* FirebaseFirestore */ = {
			isa = XCSwiftPackageProductDependency;
			package = 792088B22906B35D00BCE217 /* XCRemoteSwiftPackageReference "firebase-ios-sdk" */;
			productName = FirebaseFirestore;
		};
		792088BB2906B35D00BCE217 /* FirebaseStorage */ = {
			isa = XCSwiftPackageProductDependency;
			package = 792088B22906B35D00BCE217 /* XCRemoteSwiftPackageReference "firebase-ios-sdk" */;
			productName = FirebaseStorage;
		};
		792088C22906C21900BCE217 /* FirebaseMessaging */ = {
			isa = XCSwiftPackageProductDependency;
			package = 792088B22906B35D00BCE217 /* XCRemoteSwiftPackageReference "firebase-ios-sdk" */;
			productName = FirebaseMessaging;
		};
/* End XCSwiftPackageProductDependency section */
	};
	rootObject = 79D71CF028B4C71C00139A1C /* Project object */;
}
